
Microsoft Visual Studio Solution File, Format Version 12.00
# Visual Studio Version 17
VisualStudioVersion = 17.1.32414.318
MinimumVisualStudioVersion = 10.0.40219.1
Project("{9A19103F-16F7-4668-BE54-9A1E7A4F7556}") = "TDLCProyecto", "TDLCProyecto\TDLCProyecto.csproj", "{39500A22-5D47-46DF-8850-9567BB1F0167}"
EndProject
Project("{FAE04EC0-301F-11D3-BF4B-00C04F79EFBC}") = "TDLCProyecto-UnitTesting", "TDLCProyecto-UnitTesting\TDLCProyecto-UnitTesting.csproj", "{EA5A4A06-6526-4A2B-B8C4-1FF2A98C7553}"
EndProject
Global
	GlobalSection(SolutionConfigurationPlatforms) = preSolution
		Debug|Any CPU = Debug|Any CPU
		Release|Any CPU = Release|Any CPU
	EndGlobalSection
	GlobalSection(ProjectConfigurationPlatforms) = postSolution
		{39500A22-5D47-46DF-8850-9567BB1F0167}.Debug|Any CPU.ActiveCfg = Debug|Any CPU
		{39500A22-5D47-46DF-8850-9567BB1F0167}.Debug|Any CPU.Build.0 = Debug|Any CPU
		{39500A22-5D47-46DF-8850-9567BB1F0167}.Release|Any CPU.ActiveCfg = Release|Any CPU
		{39500A22-5D47-46DF-8850-9567BB1F0167}.Release|Any CPU.Build.0 = Release|Any CPU
		{EA5A4A06-6526-4A2B-B8C4-1FF2A98C7553}.Debug|Any CPU.ActiveCfg = Debug|Any CPU
		{EA5A4A06-6526-4A2B-B8C4-1FF2A98C7553}.Debug|Any CPU.Build.0 = Debug|Any CPU
		{EA5A4A06-6526-4A2B-B8C4-1FF2A98C7553}.Release|Any CPU.ActiveCfg = Release|Any CPU
		{EA5A4A06-6526-4A2B-B8C4-1FF2A98C7553}.Release|Any CPU.Build.0 = Release|Any CPU
	EndGlobalSection
	GlobalSection(SolutionProperties) = preSolution
		HideSolutionNode = FALSE
	EndGlobalSection
	GlobalSection(ExtensibilityGlobals) = postSolution
		SolutionGuid = {48C3B176-61DA-4A7B-AFA3-22FDA54F57BD}
	EndGlobalSection
EndGlobal
